
Microsoft Visual Studio Solution File, Format Version 12.00
# Visual Studio Version 16
VisualStudioVersion = 16.0.35325.158
MinimumVisualStudioVersion = 10.0.40219.1
Project("{FAE04EC0-301F-11D3-BF4B-00C04F79EFBC}") = "5", "5.csproj", "{BB4D50B6-2323-4954-A2A7-50FA40B7FBB8}"
EndProject
Global
	GlobalSection(SolutionConfigurationPlatforms) = preSolution
		Debug|Any CPU = Debug|Any CPU
		Release|Any CPU = Release|Any CPU
	EndGlobalSection
	GlobalSection(ProjectConfigurationPlatforms) = postSolution
		{BB4D50B6-2323-4954-A2A7-50FA40B7FBB8}.Debug|Any CPU.ActiveCfg = Debug|Any CPU
		{BB4D50B6-2323-4954-A2A7-50FA40B7FBB8}.Debug|Any CPU.Build.0 = Debug|Any CPU
		{BB4D50B6-2323-4954-A2A7-50FA40B7FBB8}.Release|Any CPU.ActiveCfg = Release|Any CPU
		{BB4D50B6-2323-4954-A2A7-50FA40B7FBB8}.Release|Any CPU.Build.0 = Release|Any CPU
	EndGlobalSection
	GlobalSection(SolutionProperties) = preSolution
		HideSolutionNode = FALSE
	EndGlobalSection
	GlobalSection(ExtensibilityGlobals) = postSolution
		SolutionGuid = {84217014-FC4E-4436-88E1-9AA71F4D32B9}
	EndGlobalSection
EndGlobal
