
Microsoft Visual Studio Solution File, Format Version 12.00
# Visual Studio Version 16
VisualStudioVersion = 16.0.35229.62
MinimumVisualStudioVersion = 10.0.40219.1
Project("{FAE04EC0-301F-11D3-BF4B-00C04F79EFBC}") = "exercice", "exercice\exercice.csproj", "{7A97C7A5-7FAB-4E4E-8655-6AEF983B51B6}"
EndProject
Global
	GlobalSection(SolutionConfigurationPlatforms) = preSolution
		Debug|Any CPU = Debug|Any CPU
		Release|Any CPU = Release|Any CPU
	EndGlobalSection
	GlobalSection(ProjectConfigurationPlatforms) = postSolution
		{7A97C7A5-7FAB-4E4E-8655-6AEF983B51B6}.Debug|Any CPU.ActiveCfg = Debug|Any CPU
		{7A97C7A5-7FAB-4E4E-8655-6AEF983B51B6}.Debug|Any CPU.Build.0 = Debug|Any CPU
		{7A97C7A5-7FAB-4E4E-8655-6AEF983B51B6}.Release|Any CPU.ActiveCfg = Release|Any CPU
		{7A97C7A5-7FAB-4E4E-8655-6AEF983B51B6}.Release|Any CPU.Build.0 = Release|Any CPU
	EndGlobalSection
	GlobalSection(SolutionProperties) = preSolution
		HideSolutionNode = FALSE
	EndGlobalSection
	GlobalSection(ExtensibilityGlobals) = postSolution
		SolutionGuid = {EB8CA660-66A0-4DED-96A4-6A7D9FD5C8D6}
	EndGlobalSection
EndGlobal
