
Microsoft Visual Studio Solution File, Format Version 12.00
# Visual Studio Version 16
VisualStudioVersion = 16.0.35325.158
MinimumVisualStudioVersion = 10.0.40219.1
Project("{FAE04EC0-301F-11D3-BF4B-00C04F79EFBC}") = "13", "13.csproj", "{ACC66293-CBB6-4A5F-98A8-16C955AEB204}"
EndProject
Global
	GlobalSection(SolutionConfigurationPlatforms) = preSolution
		Debug|Any CPU = Debug|Any CPU
		Release|Any CPU = Release|Any CPU
	EndGlobalSection
	GlobalSection(ProjectConfigurationPlatforms) = postSolution
		{ACC66293-CBB6-4A5F-98A8-16C955AEB204}.Debug|Any CPU.ActiveCfg = Debug|Any CPU
		{ACC66293-CBB6-4A5F-98A8-16C955AEB204}.Debug|Any CPU.Build.0 = Debug|Any CPU
		{ACC66293-CBB6-4A5F-98A8-16C955AEB204}.Release|Any CPU.ActiveCfg = Release|Any CPU
		{ACC66293-CBB6-4A5F-98A8-16C955AEB204}.Release|Any CPU.Build.0 = Release|Any CPU
	EndGlobalSection
	GlobalSection(SolutionProperties) = preSolution
		HideSolutionNode = FALSE
	EndGlobalSection
	GlobalSection(ExtensibilityGlobals) = postSolution
		SolutionGuid = {33D65621-22AF-4C38-A801-DA64836EB82A}
	EndGlobalSection
EndGlobal
