
Microsoft Visual Studio Solution File, Format Version 12.00
# Visual Studio Version 16
VisualStudioVersion = 16.0.35325.158
MinimumVisualStudioVersion = 10.0.40219.1
Project("{FAE04EC0-301F-11D3-BF4B-00C04F79EFBC}") = "12", "12.csproj", "{DB672844-8B80-4B89-A5D0-E86405B8981D}"
EndProject
Global
	GlobalSection(SolutionConfigurationPlatforms) = preSolution
		Debug|Any CPU = Debug|Any CPU
		Release|Any CPU = Release|Any CPU
	EndGlobalSection
	GlobalSection(ProjectConfigurationPlatforms) = postSolution
		{DB672844-8B80-4B89-A5D0-E86405B8981D}.Debug|Any CPU.ActiveCfg = Debug|Any CPU
		{DB672844-8B80-4B89-A5D0-E86405B8981D}.Debug|Any CPU.Build.0 = Debug|Any CPU
		{DB672844-8B80-4B89-A5D0-E86405B8981D}.Release|Any CPU.ActiveCfg = Release|Any CPU
		{DB672844-8B80-4B89-A5D0-E86405B8981D}.Release|Any CPU.Build.0 = Release|Any CPU
	EndGlobalSection
	GlobalSection(SolutionProperties) = preSolution
		HideSolutionNode = FALSE
	EndGlobalSection
	GlobalSection(ExtensibilityGlobals) = postSolution
		SolutionGuid = {85D1BCAC-4673-4AD9-833C-ACCD4DF62A8F}
	EndGlobalSection
EndGlobal
